{
  "version": 4,
  "terraform_version": "1.13.4",
  "serial": 5,
  "lineage": "3db9e40c-cf1c-1e32-9781-0ac750762fab",
  "outputs": {},
  "resources": [
    {
      "mode": "data",
      "type": "cloudflare_accounts",
      "name": "account",
      "provider": "provider[\"registry.terraform.io/cloudflare/cloudflare\"]",
      "instances": [
        {
          "schema_version": 0,
          "attributes": {
            "accounts": [
              {
                "enforce_twofactor": false,
                "id": "6758a81ec4b3c2753dfcd5e842d88c3f",
                "name": "Mutcherlajayani@gmail.com's Account",
                "type": "standard"
              }
            ],
            "id": "07655ab0415286842f0034ffd1a579d8",
            "name": null
          },
          "sensitive_attributes": [],
          "identity_schema_version": 0
        }
      ]
    },
    {
      "mode": "managed",
      "type": "cloudflare_workers_script",
      "name": "backend",
      "provider": "provider[\"registry.terraform.io/cloudflare/cloudflare\"]",
      "instances": [
        {
          "schema_version": 0,
          "attributes": {
            "account_id": "6758a81ec4b3c2753dfcd5e842d88c3f",
            "analytics_engine_binding": [],
            "compatibility_date": null,
            "compatibility_flags": [],
            "content": "addEventListener(\"fetch\", event =\u003e {\r\n  event.respondWith(handleRequest(event.request))\r\n})\r\n\r\nasync function handleRequest(request) {\r\n  return new Response(JSON.stringify({\r\n    message: \"Hello from Cloudflare Worker 🚀\"\r\n  }), {\r\n    headers: {\r\n      \"Content-Type\": \"application/json\",\r\n      \"Access-Control-Allow-Origin\": \"*\",\r\n      \"Access-Control-Allow-Methods\": \"GET, OPTIONS\",\r\n      \"Access-Control-Allow-Headers\": \"Content-Type\"\r\n    }\r\n  })\r\n}",
            "d1_database_binding": [],
            "dispatch_namespace": null,
            "hyperdrive_config_binding": [],
            "id": "my-backend-worker",
            "kv_namespace_binding": [],
            "logpush": null,
            "module": null,
            "name": "my-backend-worker",
            "placement": [],
            "plain_text_binding": [],
            "queue_binding": [],
            "r2_bucket_binding": [],
            "secret_text_binding": [],
            "service_binding": [],
            "tags": [],
            "webassembly_binding": []
          },
          "sensitive_attributes": [],
          "identity_schema_version": 0,
          "private": "bnVsbA==",
          "dependencies": [
            "data.cloudflare_accounts.account"
          ]
        }
      ]
    }
  ],
  "check_results": null
}
